
Microsoft Visual Studio Solution File, Format Version 12.00
# Visual Studio Version 17
VisualStudioVersion = 17.9.34723.18
MinimumVisualStudioVersion = 10.0.40219.1
Project("{FAE04EC0-301F-11D3-BF4B-00C04F79EFBC}") = "web3", "web3\web3.csproj", "{8C8A4FC0-0608-404C-9D9F-5B1B07D88FDA}"
EndProject
Global
	GlobalSection(SolutionConfigurationPlatforms) = preSolution
		Debug|Any CPU = Debug|Any CPU
		Release|Any CPU = Release|Any CPU
	EndGlobalSection
	GlobalSection(ProjectConfigurationPlatforms) = postSolution
		{8C8A4FC0-0608-404C-9D9F-5B1B07D88FDA}.Debug|Any CPU.ActiveCfg = Debug|Any CPU
		{8C8A4FC0-0608-404C-9D9F-5B1B07D88FDA}.Debug|Any CPU.Build.0 = Debug|Any CPU
		{8C8A4FC0-0608-404C-9D9F-5B1B07D88FDA}.Release|Any CPU.ActiveCfg = Release|Any CPU
		{8C8A4FC0-0608-404C-9D9F-5B1B07D88FDA}.Release|Any CPU.Build.0 = Release|Any CPU
	EndGlobalSection
	GlobalSection(SolutionProperties) = preSolution
		HideSolutionNode = FALSE
	EndGlobalSection
	GlobalSection(ExtensibilityGlobals) = postSolution
		SolutionGuid = {A392ED45-7ED0-4CAA-98C0-5F6771F83781}
	EndGlobalSection
EndGlobal
